
Microsoft Visual Studio Solution File, Format Version 12.00
# Visual Studio 14
VisualStudioVersion = 14.0.25420.1
MinimumVisualStudioVersion = 10.0.40219.1
Project("{FAE04EC0-301F-11D3-BF4B-00C04F79EFBC}") = "Login", "Login\Login.csproj", "{485C882C-A698-4599-8BB0-0FCB3FA4C1FB}"
EndProject
Global
	GlobalSection(SolutionConfigurationPlatforms) = preSolution
		Debug|Any CPU = Debug|Any CPU
		Release|Any CPU = Release|Any CPU
	EndGlobalSection
	GlobalSection(ProjectConfigurationPlatforms) = postSolution
		{485C882C-A698-4599-8BB0-0FCB3FA4C1FB}.Debug|Any CPU.ActiveCfg = Debug|Any CPU
		{485C882C-A698-4599-8BB0-0FCB3FA4C1FB}.Debug|Any CPU.Build.0 = Debug|Any CPU
		{485C882C-A698-4599-8BB0-0FCB3FA4C1FB}.Release|Any CPU.ActiveCfg = Release|Any CPU
		{485C882C-A698-4599-8BB0-0FCB3FA4C1FB}.Release|Any CPU.Build.0 = Release|Any CPU
	EndGlobalSection
	GlobalSection(SolutionProperties) = preSolution
		HideSolutionNode = FALSE
	EndGlobalSection
EndGlobal
